
Microsoft Visual Studio Solution File, Format Version 12.00
# Visual Studio Version 17
VisualStudioVersion = 17.3.32929.385
MinimumVisualStudioVersion = 10.0.40219.1
Project("{FAE04EC0-301F-11D3-BF4B-00C04F79EFBC}") = "CreateAccount", "CreateAccount\CreateAccount.csproj", "{45E45BA8-98FA-4331-9157-80CB10C1F210}"
EndProject
Global
	GlobalSection(SolutionConfigurationPlatforms) = preSolution
		Debug|Any CPU = Debug|Any CPU
		Release|Any CPU = Release|Any CPU
	EndGlobalSection
	GlobalSection(ProjectConfigurationPlatforms) = postSolution
		{45E45BA8-98FA-4331-9157-80CB10C1F210}.Debug|Any CPU.ActiveCfg = Debug|Any CPU
		{45E45BA8-98FA-4331-9157-80CB10C1F210}.Debug|Any CPU.Build.0 = Debug|Any CPU
		{45E45BA8-98FA-4331-9157-80CB10C1F210}.Release|Any CPU.ActiveCfg = Release|Any CPU
		{45E45BA8-98FA-4331-9157-80CB10C1F210}.Release|Any CPU.Build.0 = Release|Any CPU
	EndGlobalSection
	GlobalSection(SolutionProperties) = preSolution
		HideSolutionNode = FALSE
	EndGlobalSection
	GlobalSection(ExtensibilityGlobals) = postSolution
		SolutionGuid = {14E1E9CA-17C8-4C80-9390-8C924E64DFB0}
	EndGlobalSection
EndGlobal
