
Microsoft Visual Studio Solution File, Format Version 12.00
# Visual Studio Version 17
VisualStudioVersion = 17.3.32929.385
MinimumVisualStudioVersion = 10.0.40219.1
Project("{FAE04EC0-301F-11D3-BF4B-00C04F79EFBC}") = "Constructors", "Constructors\Constructors.csproj", "{C0BC794B-185E-4E23-833C-F98A46338C0C}"
EndProject
Global
	GlobalSection(SolutionConfigurationPlatforms) = preSolution
		Debug|Any CPU = Debug|Any CPU
		Release|Any CPU = Release|Any CPU
	EndGlobalSection
	GlobalSection(ProjectConfigurationPlatforms) = postSolution
		{C0BC794B-185E-4E23-833C-F98A46338C0C}.Debug|Any CPU.ActiveCfg = Debug|Any CPU
		{C0BC794B-185E-4E23-833C-F98A46338C0C}.Debug|Any CPU.Build.0 = Debug|Any CPU
		{C0BC794B-185E-4E23-833C-F98A46338C0C}.Release|Any CPU.ActiveCfg = Release|Any CPU
		{C0BC794B-185E-4E23-833C-F98A46338C0C}.Release|Any CPU.Build.0 = Release|Any CPU
	EndGlobalSection
	GlobalSection(SolutionProperties) = preSolution
		HideSolutionNode = FALSE
	EndGlobalSection
	GlobalSection(ExtensibilityGlobals) = postSolution
		SolutionGuid = {F7CE0723-BD59-4207-954C-B4B6287BC733}
	EndGlobalSection
EndGlobal
